# This file is automatically @generated by Cargo.
# It is not intended for manual editing.
version = 4

[[package]]
name = "module_01_greeter"
version = "0.1.0"

[[package]]
name = "module_02_guesser"
version = "0.1.0"

[[package]]
name = "module_03_ownership"
version = "0.1.0"

[[package]]
name = "module_04_borrowing"
version = "0.1.0"

[[package]]
name = "module_05_todos"
version = "0.1.0"

[[package]]
name = "module_06_frequencies"
version = "0.1.0"

[[package]]
name = "module_07_creatures"
version = "0.1.0"

[[package]]
name = "module_08_robust"
version = "0.1.0"

[[package]]
name = "module_09_lifetimes"
version = "0.1.0"

[[package]]
name = "module_10_zero_copy"
version = "0.1.0"
